
Microsoft Visual Studio Solution File, Format Version 12.00
# Visual Studio Version 17
VisualStudioVersion = 17.1.32421.90
MinimumVisualStudioVersion = 10.0.40219.1
Project("{FAE04EC0-301F-11D3-BF4B-00C04F79EFBC}") = "PersonDataManagement", "PersonDataManagement.csproj", "{491872B6-B82A-4534-A403-CCF1D6E9C872}"
EndProject
Global
	GlobalSection(SolutionConfigurationPlatforms) = preSolution
		Debug|Any CPU = Debug|Any CPU
		Release|Any CPU = Release|Any CPU
	EndGlobalSection
	GlobalSection(ProjectConfigurationPlatforms) = postSolution
		{491872B6-B82A-4534-A403-CCF1D6E9C872}.Debug|Any CPU.ActiveCfg = Debug|Any CPU
		{491872B6-B82A-4534-A403-CCF1D6E9C872}.Debug|Any CPU.Build.0 = Debug|Any CPU
		{491872B6-B82A-4534-A403-CCF1D6E9C872}.Release|Any CPU.ActiveCfg = Release|Any CPU
		{491872B6-B82A-4534-A403-CCF1D6E9C872}.Release|Any CPU.Build.0 = Release|Any CPU
	EndGlobalSection
	GlobalSection(SolutionProperties) = preSolution
		HideSolutionNode = FALSE
	EndGlobalSection
	GlobalSection(ExtensibilityGlobals) = postSolution
		SolutionGuid = {8BEED47C-DA5B-4AC2-B9F2-B51D96F64FC6}
	EndGlobalSection
EndGlobal
